<?xml version="1.0" encoding="utf-8"?>
<Project ToolsVersion="4.0" xmlns="http://schemas.microsoft.com/developer/msbuild/2003">
  <ItemGroup>
    <Filter Include="Resource Files">
      <UniqueIdentifier>{67DA6AB6-F800-4c08-8B7A-83BB121AAD01}</UniqueIdentifier>
      <Extensions>rc;ico;cur;bmp;dlg;rc2;rct;bin;rgs;gif;jpg;jpeg;jpe;resx;tiff;tif;png;wav</Extensions>
    </Filter>
    <Filter Include="UnitTests">
      <UniqueIdentifier>{4FC737F1-C7A5-4376-A066-2A32D752A2FF}</UniqueIdentifier>
      <Extensions>cpp;c;cc;cxx;def;odl;idl;hpj;bat;asm;asmx</Extensions>
    </Filter>
    <Filter Include="Concurrency">
      <UniqueIdentifier>{f58c68e1-54de-4654-9f96-f5923f8c0444}</UniqueIdentifier>
    </Filter>
  </ItemGroup>
  <ItemGroup>
    <ClCompile Include="threading.cpp" />
    <ClCompile Include="main.cpp" />
    <ClCompile Include="Concurrency\ITaskProcessor.h">
      <Filter>Concurrency</Filter>
    </ClCompile>
    <ClCompile Include="Concurrency\AsyncTaskProcessor.cpp">
      <Filter>Concurrency</Filter>
    </ClCompile>
    <ClCompile Include="Concurrency\AsyncTaskProcessorFactory.cpp">
      <Filter>Concurrency</Filter>
    </ClCompile>
    <ClCompile Include="Concurrency\SyncTaskProcessor.cpp">
      <Filter>Concurrency</Filter>
    </ClCompile>
    <ClCompile Include="Concurrency\SyncTaskProcessorFactory.cpp">
      <Filter>Concurrency</Filter>
    </ClCompile>
  </ItemGroup>
  <ItemGroup>
    <ClInclude Include="fakeit.hpp">
      <Filter>UnitTests</Filter>
    </ClInclude>
    <ClInclude Include="Concurrency\AsyncTaskProcessor.h">
      <Filter>Concurrency</Filter>
    </ClInclude>
    <ClInclude Include="Concurrency\AsyncTaskProcessorFactory.h">
      <Filter>Concurrency</Filter>
    </ClInclude>
    <ClInclude Include="Concurrency\ITask.h">
      <Filter>Concurrency</Filter>
    </ClInclude>
    <ClInclude Include="Concurrency\ITaskProcessorFactory.h">
      <Filter>Concurrency</Filter>
    </ClInclude>
    <ClInclude Include="Concurrency\Task.h">
      <Filter>Concurrency</Filter>
    </ClInclude>
    <ClInclude Include="Concurrency\SyncTaskProcessor.h">
      <Filter>Concurrency</Filter>
    </ClInclude>
    <ClInclude Include="Concurrency\SyncTaskProcessorFactory.h">
      <Filter>Concurrency</Filter>
    </ClInclude>
  </ItemGroup>
</Project>